// !$*UTF8*$!
{
	archiveVersion = 1;
	classes = {
	};
	objectVersion = 77;
	objects = {

/* Begin PBXBuildFile section */
		34E1BAAFDEBDA2B3CFD4F218 /* Pods_TheMovie.framework in Frameworks */ = {isa = PBXBuildFile; fileRef = E64BA784B035268B1C6939C3 /* Pods_TheMovie.framework */; };
		63602BD6C90A58EBA79B0795 /* Pods_TheMovieTests.framework in Frameworks */ = {isa = PBXBuildFile; fileRef = 59F6FE549E6763E9FD24DEF4 /* Pods_TheMovieTests.framework */; };
/* End PBXBuildFile section */

/* Begin PBXContainerItemProxy section */
		F585A3002FE991F30076224D /* PBXContainerItemProxy */ = {
			isa = PBXContainerItemProxy;
			containerPortal = F585A2E12FE991F10076224D /* Project object */;
			proxyType = 1;
			remoteGlobalIDString = F585A2E82FE991F10076224D;
			remoteInfo = TheMovie;
		};
		F585A30A2FE991F30076224D /* PBXContainerItemProxy */ = {
			isa = PBXContainerItemProxy;
			containerPortal = F585A2E12FE991F10076224D /* Project object */;
			proxyType = 1;
			remoteGlobalIDString = F585A2E82FE991F10076224D;
			remoteInfo = TheMovie;
		};
/* End PBXContainerItemProxy section */

/* Begin PBXFileReference section */
		2A8BA86C797E9FEEEB6419F5 /* Pods-TheMovie.debug.xcconfig */ = {isa = PBXFileReference; includeInIndex = 1; lastKnownFileType = text.xcconfig; name = "Pods-TheMovie.debug.xcconfig"; path = "Target Support Files/Pods-TheMovie/Pods-TheMovie.debug.xcconfig"; sourceTree = "<group>"; };
		2EA68C664B80399C1219C51F /* Pods-TheMovie.release.xcconfig */ = {isa = PBXFileReference; includeInIndex = 1; lastKnownFileType = text.xcconfig; name = "Pods-TheMovie.release.xcconfig"; path = "Target Support Files/Pods-TheMovie/Pods-TheMovie.release.xcconfig"; sourceTree = "<group>"; };
		59F6FE549E6763E9FD24DEF4 /* Pods_TheMovieTests.framework */ = {isa = PBXFileReference; explicitFileType = wrapper.framework; includeInIndex = 0; path = Pods_TheMovieTests.framework; sourceTree = BUILT_PRODUCTS_DIR; };
		A5B1E915A0EC22D2B52F9BD3 /* Pods-TheMovieTests.release.xcconfig */ = {isa = PBXFileReference; includeInIndex = 1; lastKnownFileType = text.xcconfig; name = "Pods-TheMovieTests.release.xcconfig"; path = "Target Support Files/Pods-TheMovieTests/Pods-TheMovieTests.release.xcconfig"; sourceTree = "<group>"; };
		BD24A33EB6828361831F3565 /* Pods-TheMovieTests.debug.xcconfig */ = {isa = PBXFileReference; includeInIndex = 1; lastKnownFileType = text.xcconfig; name = "Pods-TheMovieTests.debug.xcconfig"; path = "Target Support Files/Pods-TheMovieTests/Pods-TheMovieTests.debug.xcconfig"; sourceTree = "<group>"; };
		E64BA784B035268B1C6939C3 /* Pods_TheMovie.framework */ = {isa = PBXFileReference; explicitFileType = wrapper.framework; includeInIndex = 0; path = Pods_TheMovie.framework; sourceTree = BUILT_PRODUCTS_DIR; };
		F585A2E92FE991F10076224D /* TheMovie.app */ = {isa = PBXFileReference; explicitFileType = wrapper.application; includeInIndex = 0; path = TheMovie.app; sourceTree = BUILT_PRODUCTS_DIR; };
		F585A2FF2FE991F30076224D /* TheMovieTests.xctest */ = {isa = PBXFileReference; explicitFileType = wrapper.cfbundle; includeInIndex = 0; path = TheMovieTests.xctest; sourceTree = BUILT_PRODUCTS_DIR; };
		F585A3092FE991F30076224D /* TheMovieUITests.xctest */ = {isa = PBXFileReference; explicitFileType = wrapper.cfbundle; includeInIndex = 0; path = TheMovieUITests.xctest; sourceTree = BUILT_PRODUCTS_DIR; };
/* End PBXFileReference section */

/* Begin PBXFileSystemSynchronizedBuildFileExceptionSet section */
		F585A3112FE991F30076224D /* Exceptions for "TheMovie" folder in "TheMovie" target */ = {
			isa = PBXFileSystemSynchronizedBuildFileExceptionSet;
			membershipExceptions = (
				Info.plist,
			);
			target = F585A2E82FE991F10076224D /* TheMovie */;
		};
/* End PBXFileSystemSynchronizedBuildFileExceptionSet section */

/* Begin PBXFileSystemSynchronizedRootGroup section */
		F585A2EB2FE991F10076224D /* TheMovie */ = {
			isa = PBXFileSystemSynchronizedRootGroup;
			exceptions = (
				F585A3112FE991F30076224D /* Exceptions for "TheMovie" folder in "TheMovie" target */,
			);
			path = TheMovie;
			sourceTree = "<group>";
		};
		F585A3022FE991F30076224D /* TheMovieTests */ = {
			isa = PBXFileSystemSynchronizedRootGroup;
			exceptions = (
			);
			path = TheMovieTests;
			sourceTree = "<group>";
		};
		F585A30C2FE991F30076224D /* TheMovieUITests */ = {
			isa = PBXFileSystemSynchronizedRootGroup;
			exceptions = (
			);
			path = TheMovieUITests;
			sourceTree = "<group>";
		};
/* End PBXFileSystemSynchronizedRootGroup section */

/* Begin PBXFrameworksBuildPhase section */
		F585A2E62FE991F10076224D /* Frameworks */ = {
			isa = PBXFrameworksBuildPhase;
			buildActionMask = 2147483647;
			files = (
				34E1BAAFDEBDA2B3CFD4F218 /* Pods_TheMovie.framework in Frameworks */,
			);
			runOnlyForDeploymentPostprocessing = 0;
		};
		F585A2FC2FE991F30076224D /* Frameworks */ = {
			isa = PBXFrameworksBuildPhase;
			buildActionMask = 2147483647;
			files = (
				63602BD6C90A58EBA79B0795 /* Pods_TheMovieTests.framework in Frameworks */,
			);
			runOnlyForDeploymentPostprocessing = 0;
		};
		F585A3062FE991F30076224D /* Frameworks */ = {
			isa = PBXFrameworksBuildPhase;
			buildActionMask = 2147483647;
			files = (
			);
			runOnlyForDeploymentPostprocessing = 0;
		};
/* End PBXFrameworksBuildPhase section */

/* Begin PBXGroup section */
		1D82A3A1B97ED41E8F5DCD35 /* Pods */ = {
			isa = PBXGroup;
			children = (
				2A8BA86C797E9FEEEB6419F5 /* Pods-TheMovie.debug.xcconfig */,
				2EA68C664B80399C1219C51F /* Pods-TheMovie.release.xcconfig */,
				BD24A33EB6828361831F3565 /* Pods-TheMovieTests.debug.xcconfig */,
				A5B1E915A0EC22D2B52F9BD3 /* Pods-TheMovieTests.release.xcconfig */,
			);
			path = Pods;
			sourceTree = "<group>";
		};
		4798FF9D84E4E7CE2E8E29FD /* Frameworks */ = {
			isa = PBXGroup;
			children = (
				E64BA784B035268B1C6939C3 /* Pods_TheMovie.framework */,
				59F6FE549E6763E9FD24DEF4 /* Pods_TheMovieTests.framework */,
			);
			name = Frameworks;
			sourceTree = "<group>";
		};
		F585A2E02FE991F10076224D = {
			isa = PBXGroup;
			children = (
				F585A2EB2FE991F10076224D /* TheMovie */,
				F585A3022FE991F30076224D /* TheMovieTests */,
				F585A30C2FE991F30076224D /* TheMovieUITests */,
				F585A2EA2FE991F10076224D /* Products */,
				1D82A3A1B97ED41E8F5DCD35 /* Pods */,
				4798FF9D84E4E7CE2E8E29FD /* Frameworks */,
			);
			sourceTree = "<group>";
		};
		F585A2EA2FE991F10076224D /* Products */ = {
			isa = PBXGroup;
			children = (
				F585A2E92FE991F10076224D /* TheMovie.app */,
				F585A2FF2FE991F30076224D /* TheMovieTests.xctest */,
				F585A3092FE991F30076224D /* TheMovieUITests.xctest */,
			);
			name = Products;
			sourceTree = "<group>";
		};
/* End PBXGroup section */

/* Begin PBXNativeTarget section */
		F585A2E82FE991F10076224D /* TheMovie */ = {
			isa = PBXNativeTarget;
			buildConfigurationList = F585A3122FE991F30076224D /* Build configuration list for PBXNativeTarget "TheMovie" */;
			buildPhases = (
				F5DDF6501FF55BFCF639D841 /* [CP] Check Pods Manifest.lock */,
				F585A2E52FE991F10076224D /* Sources */,
				F585A2E62FE991F10076224D /* Frameworks */,
				F585A2E72FE991F10076224D /* Resources */,
				AC3B00CC798AAA6E80090D82 /* [CP] Embed Pods Frameworks */,
			);
			buildRules = (
			);
			dependencies = (
			);
			fileSystemSynchronizedGroups = (
				F585A2EB2FE991F10076224D /* TheMovie */,
			);
			name = TheMovie;
			productName = TheMovie;
			productReference = F585A2E92FE991F10076224D /* TheMovie.app */;
			productType = "com.apple.product-type.application";
		};
		F585A2FE2FE991F30076224D /* TheMovieTests */ = {
			isa = PBXNativeTarget;
			buildConfigurationList = F585A3172FE991F30076224D /* Build configuration list for PBXNativeTarget "TheMovieTests" */;
			buildPhases = (
				FCA664E1FFAD3B9B67A25F53 /* [CP] Check Pods Manifest.lock */,
				F585A2FB2FE991F30076224D /* Sources */,
				F585A2FC2FE991F30076224D /* Frameworks */,
				F585A2FD2FE991F30076224D /* Resources */,
				A3077BA52F31C3B08C40EBD1 /* [CP] Embed Pods Frameworks */,
			);
			buildRules = (
			);
			dependencies = (
				F585A3012FE991F30076224D /* PBXTargetDependency */,
			);
			fileSystemSynchronizedGroups = (
				F585A3022FE991F30076224D /* TheMovieTests */,
			);
			name = TheMovieTests;
			productName = TheMovieTests;
			productReference = F585A2FF2FE991F30076224D /* TheMovieTests.xctest */;
			productType = "com.apple.product-type.bundle.unit-test";
		};
		F585A3082FE991F30076224D /* TheMovieUITests */ = {
			isa = PBXNativeTarget;
			buildConfigurationList = F585A31A2FE991F30076224D /* Build configuration list for PBXNativeTarget "TheMovieUITests" */;
			buildPhases = (
				F585A3052FE991F30076224D /* Sources */,
				F585A3062FE991F30076224D /* Frameworks */,
				F585A3072FE991F30076224D /* Resources */,
			);
			buildRules = (
			);
			dependencies = (
				F585A30B2FE991F30076224D /* PBXTargetDependency */,
			);
			fileSystemSynchronizedGroups = (
				F585A30C2FE991F30076224D /* TheMovieUITests */,
			);
			name = TheMovieUITests;
			productName = TheMovieUITests;
			productReference = F585A3092FE991F30076224D /* TheMovieUITests.xctest */;
			productType = "com.apple.product-type.bundle.ui-testing";
		};
/* End PBXNativeTarget section */

/* Begin PBXProject section */
		F585A2E12FE991F10076224D /* Project object */ = {
			isa = PBXProject;
			attributes = {
				BuildIndependentTargetsInParallel = 1;
				LastSwiftUpdateCheck = 2650;
				LastUpgradeCheck = 2650;
				TargetAttributes = {
					F585A2E82FE991F10076224D = {
						CreatedOnToolsVersion = 26.5;
					};
					F585A2FE2FE991F30076224D = {
						CreatedOnToolsVersion = 26.5;
						TestTargetID = F585A2E82FE991F10076224D;
					};
					F585A3082FE991F30076224D = {
						CreatedOnToolsVersion = 26.5;
						TestTargetID = F585A2E82FE991F10076224D;
					};
				};
			};
			buildConfigurationList = F585A2E42FE991F10076224D /* Build configuration list for PBXProject "TheMovie" */;
			developmentRegion = en;
			hasScannedForEncodings = 0;
			knownRegions = (
				en,
				Base,
			);
			mainGroup = F585A2E02FE991F10076224D;
			minimizedProjectReferenceProxies = 1;
			preferredProjectObjectVersion = 77;
			productRefGroup = F585A2EA2FE991F10076224D /* Products */;
			projectDirPath = "";
			projectRoot = "";
			targets = (
				F585A2E82FE991F10076224D /* TheMovie */,
				F585A2FE2FE991F30076224D /* TheMovieTests */,
				F585A3082FE991F30076224D /* TheMovieUITests */,
			);
		};
/* End PBXProject section */

/* Begin PBXResourcesBuildPhase section */
		F585A2E72FE991F10076224D /* Resources */ = {
			isa = PBXResourcesBuildPhase;
			buildActionMask = 2147483647;
			files = (
			);
			runOnlyForDeploymentPostprocessing = 0;
		};
		F585A2FD2FE991F30076224D /* Resources */ = {
			isa = PBXResourcesBuildPhase;
			buildActionMask = 2147483647;
			files = (
			);
			runOnlyForDeploymentPostprocessing = 0;
		};
		F585A3072FE991F30076224D /* Resources */ = {
			isa = PBXResourcesBuildPhase;
			buildActionMask = 2147483647;
			files = (
			);
			runOnlyForDeploymentPostprocessing = 0;
		};
/* End PBXResourcesBuildPhase section */

/* Begin PBXShellScriptBuildPhase section */
		A3077BA52F31C3B08C40EBD1 /* [CP] Embed Pods Frameworks */ = {
			isa = PBXShellScriptBuildPhase;
			buildActionMask = 2147483647;
			files = (
			);
			inputFileListPaths = (
				"${PODS_ROOT}/Target Support Files/Pods-TheMovieTests/Pods-TheMovieTests-frameworks-${CONFIGURATION}-input-files.xcfilelist",
			);
			name = "[CP] Embed Pods Frameworks";
			outputFileListPaths = (
				"${PODS_ROOT}/Target Support Files/Pods-TheMovieTests/Pods-TheMovieTests-frameworks-${CONFIGURATION}-output-files.xcfilelist",
			);
			runOnlyForDeploymentPostprocessing = 0;
			shellPath = /bin/sh;
			shellScript = "\"${PODS_ROOT}/Target Support Files/Pods-TheMovieTests/Pods-TheMovieTests-frameworks.sh\"\n";
			showEnvVarsInLog = 0;
		};
		AC3B00CC798AAA6E80090D82 /* [CP] Embed Pods Frameworks */ = {
			isa = PBXShellScriptBuildPhase;
			buildActionMask = 2147483647;
			files = (
			);
			inputFileListPaths = (
				"${PODS_ROOT}/Target Support Files/Pods-TheMovie/Pods-TheMovie-frameworks-${CONFIGURATION}-input-files.xcfilelist",
			);
			name = "[CP] Embed Pods Frameworks";
			outputFileListPaths = (
				"${PODS_ROOT}/Target Support Files/Pods-TheMovie/Pods-TheMovie-frameworks-${CONFIGURATION}-output-files.xcfilelist",
			);
			runOnlyForDeploymentPostprocessing = 0;
			shellPath = /bin/sh;
			shellScript = "\"${PODS_ROOT}/Target Support Files/Pods-TheMovie/Pods-TheMovie-frameworks.sh\"\n";
			showEnvVarsInLog = 0;
		};
		F5DDF6501FF55BFCF639D841 /* [CP] Check Pods Manifest.lock */ = {
			isa = PBXShellScriptBuildPhase;
			buildActionMask = 2147483647;
			files = (
			);
			inputFileListPaths = (
			);
			inputPaths = (
				"${PODS_PODFILE_DIR_PATH}/Podfile.lock",
				"${PODS_ROOT}/Manifest.lock",
			);
			name = "[CP] Check Pods Manifest.lock";
			outputFileListPaths = (
			);
			outputPaths = (
				"$(DERIVED_FILE_DIR)/Pods-TheMovie-checkManifestLockResult.txt",
			);
			runOnlyForDeploymentPostprocessing = 0;
			shellPath = /bin/sh;
			shellScript = "diff \"${PODS_PODFILE_DIR_PATH}/Podfile.lock\" \"${PODS_ROOT}/Manifest.lock\" > /dev/null\nif [ $? != 0 ] ; then\n    # print error to STDERR\n    echo \"error: The sandbox is not in sync with the Podfile.lock. Run 'pod install' or update your CocoaPods installation.\" >&2\n    exit 1\nfi\n# This output is used by Xcode 'outputs' to avoid re-running this script phase.\necho \"SUCCESS\" > \"${SCRIPT_OUTPUT_FILE_0}\"\n";
			showEnvVarsInLog = 0;
		};
		FCA664E1FFAD3B9B67A25F53 /* [CP] Check Pods Manifest.lock */ = {
			isa = PBXShellScriptBuildPhase;
			buildActionMask = 2147483647;
			files = (
			);
			inputFileListPaths = (
			);
			inputPaths = (
				"${PODS_PODFILE_DIR_PATH}/Podfile.lock",
				"${PODS_ROOT}/Manifest.lock",
			);
			name = "[CP] Check Pods Manifest.lock";
			outputFileListPaths = (
			);
			outputPaths = (
				"$(DERIVED_FILE_DIR)/Pods-TheMovieTests-checkManifestLockResult.txt",
			);
			runOnlyForDeploymentPostprocessing = 0;
			shellPath = /bin/sh;
			shellScript = "diff \"${PODS_PODFILE_DIR_PATH}/Podfile.lock\" \"${PODS_ROOT}/Manifest.lock\" > /dev/null\nif [ $? != 0 ] ; then\n    # print error to STDERR\n    echo \"error: The sandbox is not in sync with the Podfile.lock. Run 'pod install' or update your CocoaPods installation.\" >&2\n    exit 1\nfi\n# This output is used by Xcode 'outputs' to avoid re-running this script phase.\necho \"SUCCESS\" > \"${SCRIPT_OUTPUT_FILE_0}\"\n";
			showEnvVarsInLog = 0;
		};
/* End PBXShellScriptBuildPhase section */

/* Begin PBXSourcesBuildPhase section */
		F585A2E52FE991F10076224D /* Sources */ = {
			isa = PBXSourcesBuildPhase;
			buildActionMask = 2147483647;
			files = (
			);
			runOnlyForDeploymentPostprocessing = 0;
		};
		F585A2FB2FE991F30076224D /* Sources */ = {
			isa = PBXSourcesBuildPhase;
			buildActionMask = 2147483647;
			files = (
			);
			runOnlyForDeploymentPostprocessing = 0;
		};
		F585A3052FE991F30076224D /* Sources */ = {
			isa = PBXSourcesBuildPhase;
			buildActionMask = 2147483647;
			files = (
			);
			runOnlyForDeploymentPostprocessing = 0;
		};
/* End PBXSourcesBuildPhase section */

/* Begin PBXTargetDependency section */
		F585A3012FE991F30076224D /* PBXTargetDependency */ = {
			isa = PBXTargetDependency;
			target = F585A2E82FE991F10076224D /* TheMovie */;
			targetProxy = F585A3002FE991F30076224D /* PBXContainerItemProxy */;
		};
		F585A30B2FE991F30076224D /* PBXTargetDependency */ = {
			isa = PBXTargetDependency;
			target = F585A2E82FE991F10076224D /* TheMovie */;
			targetProxy = F585A30A2FE991F30076224D /* PBXContainerItemProxy */;
		};
/* End PBXTargetDependency section */

/* Begin XCBuildConfiguration section */
		F585A3132FE991F30076224D /* Debug */ = {
			isa = XCBuildConfiguration;
			baseConfigurationReference = 2A8BA86C797E9FEEEB6419F5 /* Pods-TheMovie.debug.xcconfig */;
			buildSettings = {
				ASSETCATALOG_COMPILER_APPICON_NAME = AppIcon;
				ASSETCATALOG_COMPILER_GLOBAL_ACCENT_COLOR_NAME = AccentColor;
				CODE_SIGN_STYLE = Automatic;
				CURRENT_PROJECT_VERSION = 1;
				DEVELOPMENT_TEAM = T9H83KAQ83;
				ENABLE_USER_SCRIPT_SANDBOXING = NO;
				GENERATE_INFOPLIST_FILE = YES;
				INFOPLIST_FILE = TheMovie/Info.plist;
				INFOPLIST_KEY_UIApplicationSupportsIndirectInputEvents = YES;
				INFOPLIST_KEY_UILaunchStoryboardName = LaunchScreen;
				INFOPLIST_KEY_UISupportedInterfaceOrientations = UIInterfaceOrientationPortrait;
				INFOPLIST_KEY_UISupportedInterfaceOrientations_iPad = "UIInterfaceOrientationLandscapeLeft UIInterfaceOrientationLandscapeRight UIInterfaceOrientationPortrait UIInterfaceOrientationPortraitUpsideDown";
				IPHONEOS_DEPLOYMENT_TARGET = 26.0;
				LD_RUNPATH_SEARCH_PATHS = (
					"$(inherited)",
					"@executable_path/Frameworks",
				);
				MARKETING_VERSION = 1.0;
				PRODUCT_BUNDLE_IDENTIFIER = developeracademy.fatih.TheMovie;
				PRODUCT_NAME = "$(TARGET_NAME)";
				STRING_CATALOG_GENERATE_SYMBOLS = YES;
				SUPPORTED_PLATFORMS = "iphoneos iphonesimulator";
				SUPPORTS_MACCATALYST = NO;
				SUPPORTS_MAC_DESIGNED_FOR_IPHONE_IPAD = NO;
				SUPPORTS_XR_DESIGNED_FOR_IPHONE_IPAD = NO;
				SWIFT_APPROACHABLE_CONCURRENCY = YES;
				SWIFT_DEFAULT_ACTOR_ISOLATION = MainActor;
				SWIFT_EMIT_LOC_STRINGS = YES;
				SWIFT_UPCOMING_FEATURE_MEMBER_IMPORT_VISIBILITY = YES;
				SWIFT_VERSION = 5.0;
				TARGETED_DEVICE_FAMILY = 1;
			};
			name = Debug;
		};
		F585A3142FE991F30076224D /* Release */ = {
			isa = XCBuildConfiguration;
			baseConfigurationReference = 2EA68C664B80399C1219C51F /* Pods-TheMovie.release.xcconfig */;
			buildSettings = {
				ASSETCATALOG_COMPILER_APPICON_NAME = AppIcon;
				ASSETCATALOG_COMPILER_GLOBAL_ACCENT_COLOR_NAME = AccentColor;
				CODE_SIGN_STYLE = Automatic;
				CURRENT_PROJECT_VERSION = 1;
				DEVELOPMENT_TEAM = T9H83KAQ83;
				ENABLE_USER_SCRIPT_SANDBOXING = NO;
				GENERATE_INFOPLIST_FILE = YES;
				INFOPLIST_FILE = TheMovie/Info.plist;
				INFOPLIST_KEY_UIApplicationSupportsIndirectInputEvents = YES;
				INFOPLIST_KEY_UILaunchStoryboardName = LaunchScreen;
				INFOPLIST_KEY_UISupportedInterfaceOrientations = UIInterfaceOrientationPortrait;
				INFOPLIST_KEY_UISupportedInterfaceOrientations_iPad = "UIInterfaceOrientationLandscapeLeft UIInterfaceOrientationLandscapeRight UIInterfaceOrientationPortrait UIInterfaceOrientationPortraitUpsideDown";
				IPHONEOS_DEPLOYMENT_TARGET = 26.0;
				LD_RUNPATH_SEARCH_PATHS = (
					"$(inherited)",
					"@executable_path/Frameworks",
				);
				MARKETING_VERSION = 1.0;
				PRODUCT_BUNDLE_IDENTIFIER = developeracademy.fatih.TheMovie;
				PRODUCT_NAME = "$(TARGET_NAME)";
				STRING_CATALOG_GENERATE_SYMBOLS = YES;
				SUPPORTED_PLATFORMS = "iphoneos iphonesimulator";
				SUPPORTS_MACCATALYST = NO;
				SUPPORTS_MAC_DESIGNED_FOR_IPHONE_IPAD = NO;
				SUPPORTS_XR_DESIGNED_FOR_IPHONE_IPAD = NO;
				SWIFT_APPROACHABLE_CONCURRENCY = YES;
				SWIFT_DEFAULT_ACTOR_ISOLATION = MainActor;
				SWIFT_EMIT_LOC_STRINGS = YES;
				SWIFT_UPCOMING_FEATURE_MEMBER_IMPORT_VISIBILITY = YES;
				SWIFT_VERSION = 5.0;
				TARGETED_DEVICE_FAMILY = 1;
			};
			name = Release;
		};
		F585A3152FE991F30076224D /* Debug */ = {
			isa = XCBuildConfiguration;
			buildSettings = {
				ALWAYS_SEARCH_USER_PATHS = NO;
				ASSETCATALOG_COMPILER_GENERATE_SWIFT_ASSET_SYMBOL_EXTENSIONS = YES;
				CLANG_ANALYZER_NONNULL = YES;
				CLANG_ANALYZER_NUMBER_OBJECT_CONVERSION = YES_AGGRESSIVE;
				CLANG_CXX_LANGUAGE_STANDARD = "gnu++20";
				CLANG_ENABLE_MODULES = YES;
				CLANG_ENABLE_OBJC_ARC = YES;
				CLANG_ENABLE_OBJC_WEAK = YES;
				CLANG_WARN_BLOCK_CAPTURE_AUTORELEASING = YES;
				CLANG_WARN_BOOL_CONVERSION = YES;
				CLANG_WARN_COMMA = YES;
				CLANG_WARN_CONSTANT_CONVERSION = YES;
				CLANG_WARN_DEPRECATED_OBJC_IMPLEMENTATIONS = YES;
				CLANG_WARN_DIRECT_OBJC_ISA_USAGE = YES_ERROR;
				CLANG_WARN_DOCUMENTATION_COMMENTS = YES;
				CLANG_WARN_EMPTY_BODY = YES;
				CLANG_WARN_ENUM_CONVERSION = YES;
				CLANG_WARN_INFINITE_RECURSION = YES;
				CLANG_WARN_INT_CONVERSION = YES;
				CLANG_WARN_NON_LITERAL_NULL_CONVERSION = YES;
				CLANG_WARN_OBJC_IMPLICIT_RETAIN_SELF = YES;
				CLANG_WARN_OBJC_LITERAL_CONVERSION = YES;
				CLANG_WARN_OBJC_ROOT_CLASS = YES_ERROR;
				CLANG_WARN_QUOTED_INCLUDE_IN_FRAMEWORK_HEADER = YES;
				CLANG_WARN_RANGE_LOOP_ANALYSIS = YES;
				CLANG_WARN_STRICT_PROTOTYPES = YES;
				CLANG_WARN_SUSPICIOUS_MOVE = YES;
				CLANG_WARN_UNGUARDED_AVAILABILITY = YES_AGGRESSIVE;
				CLANG_WARN_UNREACHABLE_CODE = YES;
				CLANG_WARN__DUPLICATE_METHOD_MATCH = YES;
				COPY_PHASE_STRIP = NO;
				DEBUG_INFORMATION_FORMAT = dwarf;
				DEVELOPMENT_TEAM = T9H83KAQ83;
				ENABLE_STRICT_OBJC_MSGSEND = YES;
				ENABLE_TESTABILITY = YES;
				ENABLE_USER_SCRIPT_SANDBOXING = NO;
				GCC_C_LANGUAGE_STANDARD = gnu17;
				GCC_DYNAMIC_NO_PIC = NO;
				GCC_NO_COMMON_BLOCKS = YES;
				GCC_OPTIMIZATION_LEVEL = 0;
				GCC_PREPROCESSOR_DEFINITIONS = (
					"DEBUG=1",
					"$(inherited)",
				);
				GCC_WARN_64_TO_32_BIT_CONVERSION = YES;
				GCC_WARN_ABOUT_RETURN_TYPE = YES_ERROR;
				GCC_WARN_UNDECLARED_SELECTOR = YES;
				GCC_WARN_UNINITIALIZED_AUTOS = YES_AGGRESSIVE;
				GCC_WARN_UNUSED_FUNCTION = YES;
				GCC_WARN_UNUSED_VARIABLE = YES;
				IPHONEOS_DEPLOYMENT_TARGET = 26.5;
				LOCALIZATION_PREFERS_STRING_CATALOGS = YES;
				MTL_ENABLE_DEBUG_INFO = INCLUDE_SOURCE;
				MTL_FAST_MATH = YES;
				ONLY_ACTIVE_ARCH = YES;
				SDKROOT = iphoneos;
				SWIFT_ACTIVE_COMPILATION_CONDITIONS = "DEBUG $(inherited)";
				SWIFT_OPTIMIZATION_LEVEL = "-Onone";
			};
			name = Debug;
		};
		F585A3162FE991F30076224D /* Release */ = {
			isa = XCBuildConfiguration;
			buildSettings = {
				ALWAYS_SEARCH_USER_PATHS = NO;
				ASSETCATALOG_COMPILER_GENERATE_SWIFT_ASSET_SYMBOL_EXTENSIONS = YES;
				CLANG_ANALYZER_NONNULL = YES;
				CLANG_ANALYZER_NUMBER_OBJECT_CONVERSION = YES_AGGRESSIVE;
				CLANG_CXX_LANGUAGE_STANDARD = "gnu++20";
				CLANG_ENABLE_MODULES = YES;
				CLANG_ENABLE_OBJC_ARC = YES;
				CLANG_ENABLE_OBJC_WEAK = YES;
				CLANG_WARN_BLOCK_CAPTURE_AUTORELEASING = YES;
				CLANG_WARN_BOOL_CONVERSION = YES;
				CLANG_WARN_COMMA = YES;
				CLANG_WARN_CONSTANT_CONVERSION = YES;
				CLANG_WARN_DEPRECATED_OBJC_IMPLEMENTATIONS = YES;
				CLANG_WARN_DIRECT_OBJC_ISA_USAGE = YES_ERROR;
				CLANG_WARN_DOCUMENTATION_COMMENTS = YES;
				CLANG_WARN_EMPTY_BODY = YES;
				CLANG_WARN_ENUM_CONVERSION = YES;
				CLANG_WARN_INFINITE_RECURSION = YES;
				CLANG_WARN_INT_CONVERSION = YES;
				CLANG_WARN_NON_LITERAL_NULL_CONVERSION = YES;
				CLANG_WARN_OBJC_IMPLICIT_RETAIN_SELF = YES;
				CLANG_WARN_OBJC_LITERAL_CONVERSION = YES;
				CLANG_WARN_OBJC_ROOT_CLASS = YES_ERROR;
				CLANG_WARN_QUOTED_INCLUDE_IN_FRAMEWORK_HEADER = YES;
				CLANG_WARN_RANGE_LOOP_ANALYSIS = YES;
				CLANG_WARN_STRICT_PROTOTYPES = YES;
				CLANG_WARN_SUSPICIOUS_MOVE = YES;
				CLANG_WARN_UNGUARDED_AVAILABILITY = YES_AGGRESSIVE;
				CLANG_WARN_UNREACHABLE_CODE = YES;
				CLANG_WARN__DUPLICATE_METHOD_MATCH = YES;
				COPY_PHASE_STRIP = NO;
				DEBUG_INFORMATION_FORMAT = "dwarf-with-dsym";
				DEVELOPMENT_TEAM = T9H83KAQ83;
				ENABLE_NS_ASSERTIONS = NO;
				ENABLE_STRICT_OBJC_MSGSEND = YES;
				ENABLE_USER_SCRIPT_SANDBOXING = NO;
				GCC_C_LANGUAGE_STANDARD = gnu17;
				GCC_NO_COMMON_BLOCKS = YES;
				GCC_WARN_64_TO_32_BIT_CONVERSION = YES;
				GCC_WARN_ABOUT_RETURN_TYPE = YES_ERROR;
				GCC_WARN_UNDECLARED_SELECTOR = YES;
				GCC_WARN_UNINITIALIZED_AUTOS = YES_AGGRESSIVE;
				GCC_WARN_UNUSED_FUNCTION = YES;
				GCC_WARN_UNUSED_VARIABLE = YES;
				IPHONEOS_DEPLOYMENT_TARGET = 26.5;
				LOCALIZATION_PREFERS_STRING_CATALOGS = YES;
				MTL_ENABLE_DEBUG_INFO = NO;
				MTL_FAST_MATH = YES;
				SDKROOT = iphoneos;
				SWIFT_COMPILATION_MODE = wholemodule;
				VALIDATE_PRODUCT = YES;
			};
			name = Release;
		};
		F585A3182FE991F30076224D /* Debug */ = {
			isa = XCBuildConfiguration;
			baseConfigurationReference = BD24A33EB6828361831F3565 /* Pods-TheMovieTests.debug.xcconfig */;
			buildSettings = {
				BUNDLE_LOADER = "$(TEST_HOST)";
				CODE_SIGN_STYLE = Automatic;
				CURRENT_PROJECT_VERSION = 1;
				DEVELOPMENT_TEAM = T9H83KAQ83;
				ENABLE_USER_SCRIPT_SANDBOXING = NO;
				GENERATE_INFOPLIST_FILE = YES;
				IPHONEOS_DEPLOYMENT_TARGET = 26.0;
				MARKETING_VERSION = 1.0;
				PRODUCT_BUNDLE_IDENTIFIER = developeracademy.fatih.TheMovieTests;
				PRODUCT_NAME = "$(TARGET_NAME)";
				STRING_CATALOG_GENERATE_SYMBOLS = NO;
				SUPPORTED_PLATFORMS = "iphoneos iphonesimulator";
				SUPPORTS_MACCATALYST = NO;
				SUPPORTS_MAC_DESIGNED_FOR_IPHONE_IPAD = NO;
				SUPPORTS_XR_DESIGNED_FOR_IPHONE_IPAD = NO;
				SWIFT_APPROACHABLE_CONCURRENCY = YES;
				SWIFT_EMIT_LOC_STRINGS = NO;
				SWIFT_UPCOMING_FEATURE_MEMBER_IMPORT_VISIBILITY = YES;
				SWIFT_VERSION = 5.0;
				TARGETED_DEVICE_FAMILY = 1;
				TEST_HOST = "$(BUILT_PRODUCTS_DIR)/TheMovie.app/$(BUNDLE_EXECUTABLE_FOLDER_PATH)/TheMovie";
			};
			name = Debug;
		};
		F585A3192FE991F30076224D /* Release */ = {
			isa = XCBuildConfiguration;
			baseConfigurationReference = A5B1E915A0EC22D2B52F9BD3 /* Pods-TheMovieTests.release.xcconfig */;
			buildSettings = {
				BUNDLE_LOADER = "$(TEST_HOST)";
				CODE_SIGN_STYLE = Automatic;
				CURRENT_PROJECT_VERSION = 1;
				DEVELOPMENT_TEAM = T9H83KAQ83;
				ENABLE_USER_SCRIPT_SANDBOXING = NO;
				GENERATE_INFOPLIST_FILE = YES;
				IPHONEOS_DEPLOYMENT_TARGET = 26.0;
				MARKETING_VERSION = 1.0;
				PRODUCT_BUNDLE_IDENTIFIER = developeracademy.fatih.TheMovieTests;
				PRODUCT_NAME = "$(TARGET_NAME)";
				STRING_CATALOG_GENERATE_SYMBOLS = NO;
				SUPPORTED_PLATFORMS = "iphoneos iphonesimulator";
				SUPPORTS_MACCATALYST = NO;
				SUPPORTS_MAC_DESIGNED_FOR_IPHONE_IPAD = NO;
				SUPPORTS_XR_DESIGNED_FOR_IPHONE_IPAD = NO;
				SWIFT_APPROACHABLE_CONCURRENCY = YES;
				SWIFT_EMIT_LOC_STRINGS = NO;
				SWIFT_UPCOMING_FEATURE_MEMBER_IMPORT_VISIBILITY = YES;
				SWIFT_VERSION = 5.0;
				TARGETED_DEVICE_FAMILY = 1;
				TEST_HOST = "$(BUILT_PRODUCTS_DIR)/TheMovie.app/$(BUNDLE_EXECUTABLE_FOLDER_PATH)/TheMovie";
			};
			name = Release;
		};
		F585A31B2FE991F30076224D /* Debug */ = {
			isa = XCBuildConfiguration;
			buildSettings = {
				CODE_SIGN_STYLE = Automatic;
				CURRENT_PROJECT_VERSION = 1;
				DEVELOPMENT_TEAM = T9H83KAQ83;
				ENABLE_USER_SCRIPT_SANDBOXING = NO;
				GENERATE_INFOPLIST_FILE = YES;
				IPHONEOS_DEPLOYMENT_TARGET = 26.0;
				MARKETING_VERSION = 1.0;
				PRODUCT_BUNDLE_IDENTIFIER = developeracademy.fatih.TheMovieUITests;
				PRODUCT_NAME = "$(TARGET_NAME)";
				STRING_CATALOG_GENERATE_SYMBOLS = NO;
				SUPPORTED_PLATFORMS = "iphoneos iphonesimulator";
				SUPPORTS_MACCATALYST = NO;
				SUPPORTS_MAC_DESIGNED_FOR_IPHONE_IPAD = NO;
				SUPPORTS_XR_DESIGNED_FOR_IPHONE_IPAD = NO;
				SWIFT_APPROACHABLE_CONCURRENCY = YES;
				SWIFT_EMIT_LOC_STRINGS = NO;
				SWIFT_UPCOMING_FEATURE_MEMBER_IMPORT_VISIBILITY = YES;
				SWIFT_VERSION = 5.0;
				TARGETED_DEVICE_FAMILY = 1;
				TEST_TARGET_NAME = TheMovie;
			};
			name = Debug;
		};
		F585A31C2FE991F30076224D /* Release */ = {
			isa = XCBuildConfiguration;
			buildSettings = {
				CODE_SIGN_STYLE = Automatic;
				CURRENT_PROJECT_VERSION = 1;
				DEVELOPMENT_TEAM = T9H83KAQ83;
				ENABLE_USER_SCRIPT_SANDBOXING = NO;
				GENERATE_INFOPLIST_FILE = YES;
				IPHONEOS_DEPLOYMENT_TARGET = 26.0;
				MARKETING_VERSION = 1.0;
				PRODUCT_BUNDLE_IDENTIFIER = developeracademy.fatih.TheMovieUITests;
				PRODUCT_NAME = "$(TARGET_NAME)";
				STRING_CATALOG_GENERATE_SYMBOLS = NO;
				SUPPORTED_PLATFORMS = "iphoneos iphonesimulator";
				SUPPORTS_MACCATALYST = NO;
				SUPPORTS_MAC_DESIGNED_FOR_IPHONE_IPAD = NO;
				SUPPORTS_XR_DESIGNED_FOR_IPHONE_IPAD = NO;
				SWIFT_APPROACHABLE_CONCURRENCY = YES;
				SWIFT_EMIT_LOC_STRINGS = NO;
				SWIFT_UPCOMING_FEATURE_MEMBER_IMPORT_VISIBILITY = YES;
				SWIFT_VERSION = 5.0;
				TARGETED_DEVICE_FAMILY = 1;
				TEST_TARGET_NAME = TheMovie;
			};
			name = Release;
		};
/* End XCBuildConfiguration section */

/* Begin XCConfigurationList section */
		F585A2E42FE991F10076224D /* Build configuration list for PBXProject "TheMovie" */ = {
			isa = XCConfigurationList;
			buildConfigurations = (
				F585A3152FE991F30076224D /* Debug */,
				F585A3162FE991F30076224D /* Release */,
			);
			defaultConfigurationIsVisible = 0;
			defaultConfigurationName = Release;
		};
		F585A3122FE991F30076224D /* Build configuration list for PBXNativeTarget "TheMovie" */ = {
			isa = XCConfigurationList;
			buildConfigurations = (
				F585A3132FE991F30076224D /* Debug */,
				F585A3142FE991F30076224D /* Release */,
			);
			defaultConfigurationIsVisible = 0;
			defaultConfigurationName = Release;
		};
		F585A3172FE991F30076224D /* Build configuration list for PBXNativeTarget "TheMovieTests" */ = {
			isa = XCConfigurationList;
			buildConfigurations = (
				F585A3182FE991F30076224D /* Debug */,
				F585A3192FE991F30076224D /* Release */,
			);
			defaultConfigurationIsVisible = 0;
			defaultConfigurationName = Release;
		};
		F585A31A2FE991F30076224D /* Build configuration list for PBXNativeTarget "TheMovieUITests" */ = {
			isa = XCConfigurationList;
			buildConfigurations = (
				F585A31B2FE991F30076224D /* Debug */,
				F585A31C2FE991F30076224D /* Release */,
			);
			defaultConfigurationIsVisible = 0;
			defaultConfigurationName = Release;
		};
/* End XCConfigurationList section */
	};
	rootObject = F585A2E12FE991F10076224D /* Project object */;
}
